
Microsoft Visual Studio Solution File, Format Version 12.00
# Visual Studio Version 17
VisualStudioVersion = 17.5.33502.453
MinimumVisualStudioVersion = 10.0.40219.1
Project("{FAE04EC0-301F-11D3-BF4B-00C04F79EFBC}") = "CaptchaWpf", "CaptchaWpf\CaptchaWpf.csproj", "{103D7109-D353-467B-9C20-1BC6713A5F58}"
EndProject
Global
	GlobalSection(SolutionConfigurationPlatforms) = preSolution
		Debug|Any CPU = Debug|Any CPU
		Release|Any CPU = Release|Any CPU
	EndGlobalSection
	GlobalSection(ProjectConfigurationPlatforms) = postSolution
		{103D7109-D353-467B-9C20-1BC6713A5F58}.Debug|Any CPU.ActiveCfg = Debug|Any CPU
		{103D7109-D353-467B-9C20-1BC6713A5F58}.Debug|Any CPU.Build.0 = Debug|Any CPU
		{103D7109-D353-467B-9C20-1BC6713A5F58}.Release|Any CPU.ActiveCfg = Release|Any CPU
		{103D7109-D353-467B-9C20-1BC6713A5F58}.Release|Any CPU.Build.0 = Release|Any CPU
	EndGlobalSection
	GlobalSection(SolutionProperties) = preSolution
		HideSolutionNode = FALSE
	EndGlobalSection
	GlobalSection(ExtensibilityGlobals) = postSolution
		SolutionGuid = {FD51C210-3C09-4460-A6EA-69E529B38148}
	EndGlobalSection
EndGlobal
